
Microsoft Visual Studio Solution File, Format Version 12.00
Project("{FAE04EC0-301F-11D3-BF4B-00C04F79EFBC}") = "Hephaestus", "Hephaestus\Hephaestus.csproj", "{9F127C79-8D16-4967-A1E8-D097D7C8AF89}"
EndProject
Project("{2150E333-8FDC-42A3-9474-1A3956D46DE8}") = "Solution Items", "Solution Items", "{FF70A3A3-D143-41B8-BBD7-0FF9594A4AD2}"
	ProjectSection(SolutionItems) = preProject
		compose.yaml = compose.yaml
	EndProjectSection
EndProject
Project("{FAE04EC0-301F-11D3-BF4B-00C04F79EFBC}") = "Hephaestus.Domain", "Hephaestus.Domain\Hephaestus.Domain.csproj", "{A15C2D6C-39B1-4C58-8C06-28737768C518}"
EndProject
Global
	GlobalSection(SolutionConfigurationPlatforms) = preSolution
		Debug|Any CPU = Debug|Any CPU
		Release|Any CPU = Release|Any CPU
	EndGlobalSection
	GlobalSection(ProjectConfigurationPlatforms) = postSolution
		{9F127C79-8D16-4967-A1E8-D097D7C8AF89}.Debug|Any CPU.ActiveCfg = Debug|Any CPU
		{9F127C79-8D16-4967-A1E8-D097D7C8AF89}.Debug|Any CPU.Build.0 = Debug|Any CPU
		{9F127C79-8D16-4967-A1E8-D097D7C8AF89}.Release|Any CPU.ActiveCfg = Release|Any CPU
		{9F127C79-8D16-4967-A1E8-D097D7C8AF89}.Release|Any CPU.Build.0 = Release|Any CPU
		{A15C2D6C-39B1-4C58-8C06-28737768C518}.Debug|Any CPU.ActiveCfg = Debug|Any CPU
		{A15C2D6C-39B1-4C58-8C06-28737768C518}.Debug|Any CPU.Build.0 = Debug|Any CPU
		{A15C2D6C-39B1-4C58-8C06-28737768C518}.Release|Any CPU.ActiveCfg = Release|Any CPU
		{A15C2D6C-39B1-4C58-8C06-28737768C518}.Release|Any CPU.Build.0 = Release|Any CPU
	EndGlobalSection
EndGlobal
